
Microsoft Visual Studio Solution File, Format Version 12.00
# Visual Studio Version 16
VisualStudioVersion = 16.0.31321.278
MinimumVisualStudioVersion = 10.0.40219.1
Project("{9A19103F-16F7-4668-BE54-9A1E7A4F7556}") = "MinecraftSwords", "MinecraftSwords.csproj", "{0FC6921D-6256-4C2B-93AB-7328E7E67281}"
EndProject
Global
	GlobalSection(SolutionConfigurationPlatforms) = preSolution
		Debug|Any CPU = Debug|Any CPU
		Release|Any CPU = Release|Any CPU
	EndGlobalSection
	GlobalSection(ProjectConfigurationPlatforms) = postSolution
		{0FC6921D-6256-4C2B-93AB-7328E7E67281}.Debug|Any CPU.ActiveCfg = Debug|Any CPU
		{0FC6921D-6256-4C2B-93AB-7328E7E67281}.Debug|Any CPU.Build.0 = Debug|Any CPU
		{0FC6921D-6256-4C2B-93AB-7328E7E67281}.Release|Any CPU.ActiveCfg = Release|Any CPU
		{0FC6921D-6256-4C2B-93AB-7328E7E67281}.Release|Any CPU.Build.0 = Release|Any CPU
	EndGlobalSection
	GlobalSection(SolutionProperties) = preSolution
		HideSolutionNode = FALSE
	EndGlobalSection
	GlobalSection(ExtensibilityGlobals) = postSolution
		SolutionGuid = {63576864-9BD2-4B4A-8D9B-CDEAC0D95C4D}
	EndGlobalSection
EndGlobal
